// !$*UTF8*$!
{
	archiveVersion = 1;
	classes = {
	};
	objectVersion = 46;
	objects = {

/* Begin PBXBuildFile section */
		0D598BF836EB3BD2C4DC1E72 /* Foundation.framework in Frameworks */ = {isa = PBXBuildFile; fileRef = 48DF540D349CE1856B9C3A4B /* Foundation.framework */; };
		0EA035B9D606F48C22D85E84 /* RemiComplication.appex in Embed Foundation Extensions */ = {isa = PBXBuildFile; fileRef = EA4E3B2F97567DEBE70054B2 /* RemiComplication.appex */; settings = {ATTRIBUTES = (RemoveHeadersOnCopy, ); }; };
		1323A66D571344438349A812 /* RemiBlobShape.swift in Sources */ = {isa = PBXBuildFile; fileRef = CA25C848297941D4D7216D5C /* RemiBlobShape.swift */; };
		2BF8A914F32F36776E54A0C5 /* ContentView.swift in Sources */ = {isa = PBXBuildFile; fileRef = 0A2DB4DB1A6C493FEA6CF9D7 /* ContentView.swift */; };
		3B7276FA4E44440B7ADD80FD /* RemiEmotionTag.swift in Sources */ = {isa = PBXBuildFile; fileRef = 31DF42E55C099D3F6EDF0662 /* RemiEmotionTag.swift */; };
		4C39E7C28D0AD6D703B0D2D9 /* RemiBlobView.swift in Sources */ = {isa = PBXBuildFile; fileRef = 7DDC49A3038495C926AF8AAF /* RemiBlobView.swift */; };
		53471BB7A3B531C4F71564E4 /* RemiBlobScreen.swift in Sources */ = {isa = PBXBuildFile; fileRef = A87492E1DF8C05F6CBC0F46A /* RemiBlobScreen.swift */; };
		6491BDEA1EEE6D48A4FEFD8E /* Assets.xcassets in Resources */ = {isa = PBXBuildFile; fileRef = BE148C7F89E3FE441A655863 /* Assets.xcassets */; };
		79E4A7C086E2A72EB5E3954B /* WatchChatStore.swift in Sources */ = {isa = PBXBuildFile; fileRef = D938E22599A234A5B68BD11B /* WatchChatStore.swift */; };
		7D69C77668A3F67F889C1BFC /* RemiComplication.swift in Sources */ = {isa = PBXBuildFile; fileRef = 1CE8F6336195F5D0095E363E /* RemiComplication.swift */; };
		A07735D1436AD91C57DBD1C8 /* WatchConfig.swift in Sources */ = {isa = PBXBuildFile; fileRef = 006D1D92815FEAF926D4E5CC /* WatchConfig.swift */; };
		AEC6ADCA30A62FA8DDA4CA70 /* RemiBlobPalette.swift in Sources */ = {isa = PBXBuildFile; fileRef = C51DCC67881AC8692CDA5E48 /* RemiBlobPalette.swift */; };
		B0798F67F60B4BA09B606D5B /* WatchSpeechInput.swift in Sources */ = {isa = PBXBuildFile; fileRef = 578F12B08E1A2AC699907714 /* WatchSpeechInput.swift */; };
		BECEA6CD195CDAD9626EDB75 /* RemiWatchApp.swift in Sources */ = {isa = PBXBuildFile; fileRef = F94E57E8D689E3771EB7ED67 /* RemiWatchApp.swift */; };
		DCD96CE4541294E91BEFA778 /* WatchVoicePlayer.swift in Sources */ = {isa = PBXBuildFile; fileRef = 17C47DDBE8D123F0F2E06444 /* WatchVoicePlayer.swift */; };
		DFF1FA9440944553D0FEECC0 /* WatchModels.swift in Sources */ = {isa = PBXBuildFile; fileRef = E112D8E8A1248EB05EE0A29C /* WatchModels.swift */; };
		E5E66702A8B5C697D7B12818 /* Foundation.framework in Frameworks */ = {isa = PBXBuildFile; fileRef = 48DF540D349CE1856B9C3A4B /* Foundation.framework */; };
		EA5E9AF6C759903FDE932DF3 /* RemiWaveformView.swift in Sources */ = {isa = PBXBuildFile; fileRef = F2453BF7FF7571C14F4A8D84 /* RemiWaveformView.swift */; };
		ECAF955BBCA4F9DF373ADA2B /* WatchAuth.swift in Sources */ = {isa = PBXBuildFile; fileRef = 572EB6D8C6D79A27F57FB663 /* WatchAuth.swift */; };
/* End PBXBuildFile section */

/* Begin PBXContainerItemProxy section */
		04264BC71AF733DC351B8EBA /* PBXContainerItemProxy */ = {
			isa = PBXContainerItemProxy;
			containerPortal = BD3E64AD889A0E6FA7527D81 /* Project object */;
			proxyType = 1;
			remoteGlobalIDString = B392535A768EDBC8D0DB839D;
			remoteInfo = RemiComplication;
		};
/* End PBXContainerItemProxy section */

/* Begin PBXCopyFilesBuildPhase section */
		3788B06162A82CE794888A51 /* Embed Foundation Extensions */ = {
			isa = PBXCopyFilesBuildPhase;
			buildActionMask = 2147483647;
			dstPath = "";
			dstSubfolderSpec = 13;
			files = (
				0EA035B9D606F48C22D85E84 /* RemiComplication.appex in Embed Foundation Extensions */,
			);
			name = "Embed Foundation Extensions";
			runOnlyForDeploymentPostprocessing = 0;
		};
/* End PBXCopyFilesBuildPhase section */

/* Begin PBXFileReference section */
		006D1D92815FEAF926D4E5CC /* WatchConfig.swift */ = {isa = PBXFileReference; includeInIndex = 1; lastKnownFileType = sourcecode.swift; path = WatchConfig.swift; sourceTree = "<group>"; };
		0A2DB4DB1A6C493FEA6CF9D7 /* ContentView.swift */ = {isa = PBXFileReference; includeInIndex = 1; lastKnownFileType = sourcecode.swift; path = ContentView.swift; sourceTree = "<group>"; };
		17C47DDBE8D123F0F2E06444 /* WatchVoicePlayer.swift */ = {isa = PBXFileReference; includeInIndex = 1; lastKnownFileType = sourcecode.swift; path = WatchVoicePlayer.swift; sourceTree = "<group>"; };
		1CE8F6336195F5D0095E363E /* RemiComplication.swift */ = {isa = PBXFileReference; includeInIndex = 1; lastKnownFileType = sourcecode.swift; path = RemiComplication.swift; sourceTree = "<group>"; };
		31DF42E55C099D3F6EDF0662 /* RemiEmotionTag.swift */ = {isa = PBXFileReference; includeInIndex = 1; lastKnownFileType = sourcecode.swift; path = RemiEmotionTag.swift; sourceTree = "<group>"; };
		48DF540D349CE1856B9C3A4B /* Foundation.framework */ = {isa = PBXFileReference; lastKnownFileType = wrapper.framework; name = Foundation.framework; path = Platforms/WatchOS.platform/Developer/SDKs/WatchOS11.0.sdk/System/Library/Frameworks/Foundation.framework; sourceTree = DEVELOPER_DIR; };
		572EB6D8C6D79A27F57FB663 /* WatchAuth.swift */ = {isa = PBXFileReference; includeInIndex = 1; lastKnownFileType = sourcecode.swift; path = WatchAuth.swift; sourceTree = "<group>"; };
		578F12B08E1A2AC699907714 /* WatchSpeechInput.swift */ = {isa = PBXFileReference; includeInIndex = 1; lastKnownFileType = sourcecode.swift; path = WatchSpeechInput.swift; sourceTree = "<group>"; };
		7DDC49A3038495C926AF8AAF /* RemiBlobView.swift */ = {isa = PBXFileReference; includeInIndex = 1; lastKnownFileType = sourcecode.swift; path = RemiBlobView.swift; sourceTree = "<group>"; };
		869A4524905B18FA195438F0 /* RemiWatch.app */ = {isa = PBXFileReference; explicitFileType = wrapper.application; includeInIndex = 0; path = RemiWatch.app; sourceTree = BUILT_PRODUCTS_DIR; };
		A87492E1DF8C05F6CBC0F46A /* RemiBlobScreen.swift */ = {isa = PBXFileReference; includeInIndex = 1; lastKnownFileType = sourcecode.swift; path = RemiBlobScreen.swift; sourceTree = "<group>"; };
		BE148C7F89E3FE441A655863 /* Assets.xcassets */ = {isa = PBXFileReference; includeInIndex = 1; lastKnownFileType = folder.assetcatalog; path = Assets.xcassets; sourceTree = "<group>"; };
		C51DCC67881AC8692CDA5E48 /* RemiBlobPalette.swift */ = {isa = PBXFileReference; includeInIndex = 1; lastKnownFileType = sourcecode.swift; path = RemiBlobPalette.swift; sourceTree = "<group>"; };
		CA25C848297941D4D7216D5C /* RemiBlobShape.swift */ = {isa = PBXFileReference; includeInIndex = 1; lastKnownFileType = sourcecode.swift; path = RemiBlobShape.swift; sourceTree = "<group>"; };
		D938E22599A234A5B68BD11B /* WatchChatStore.swift */ = {isa = PBXFileReference; includeInIndex = 1; lastKnownFileType = sourcecode.swift; path = WatchChatStore.swift; sourceTree = "<group>"; };
		E0E3D4E6B5E9D6320E0D67C7 /* Info.plist */ = {isa = PBXFileReference; includeInIndex = 1; lastKnownFileType = text.plist.xml; path = Info.plist; sourceTree = "<group>"; };
		E112D8E8A1248EB05EE0A29C /* WatchModels.swift */ = {isa = PBXFileReference; includeInIndex = 1; lastKnownFileType = sourcecode.swift; path = WatchModels.swift; sourceTree = "<group>"; };
		E2950E27D35DE84AA6995E3A /* Info.plist */ = {isa = PBXFileReference; includeInIndex = 1; lastKnownFileType = text.plist.xml; path = Info.plist; sourceTree = "<group>"; };
		EA4E3B2F97567DEBE70054B2 /* RemiComplication.appex */ = {isa = PBXFileReference; explicitFileType = "wrapper.app-extension"; includeInIndex = 0; path = RemiComplication.appex; sourceTree = BUILT_PRODUCTS_DIR; };
		F2453BF7FF7571C14F4A8D84 /* RemiWaveformView.swift */ = {isa = PBXFileReference; includeInIndex = 1; lastKnownFileType = sourcecode.swift; path = RemiWaveformView.swift; sourceTree = "<group>"; };
		F94E57E8D689E3771EB7ED67 /* RemiWatchApp.swift */ = {isa = PBXFileReference; includeInIndex = 1; lastKnownFileType = sourcecode.swift; path = RemiWatchApp.swift; sourceTree = "<group>"; };
/* End PBXFileReference section */

/* Begin PBXFrameworksBuildPhase section */
		4359384F275A8A8FC5EDB0FA /* Frameworks */ = {
			isa = PBXFrameworksBuildPhase;
			buildActionMask = 2147483647;
			files = (
				0D598BF836EB3BD2C4DC1E72 /* Foundation.framework in Frameworks */,
			);
			runOnlyForDeploymentPostprocessing = 0;
		};
		9E2B136BEB7D731E1061A601 /* Frameworks */ = {
			isa = PBXFrameworksBuildPhase;
			buildActionMask = 2147483647;
			files = (
				E5E66702A8B5C697D7B12818 /* Foundation.framework in Frameworks */,
			);
			runOnlyForDeploymentPostprocessing = 0;
		};
/* End PBXFrameworksBuildPhase section */

/* Begin PBXGroup section */
		355A7DDCCDE2F9EC0CCF3277 /* RemiComplication */ = {
			isa = PBXGroup;
			children = (
				1CE8F6336195F5D0095E363E /* RemiComplication.swift */,
				E0E3D4E6B5E9D6320E0D67C7 /* Info.plist */,
			);
			name = RemiComplication;
			path = RemiComplication;
			sourceTree = "<group>";
		};
		5A27D5808454EC1443904025 /* RemiWatch */ = {
			isa = PBXGroup;
			children = (
				0A2DB4DB1A6C493FEA6CF9D7 /* ContentView.swift */,
				C51DCC67881AC8692CDA5E48 /* RemiBlobPalette.swift */,
				A87492E1DF8C05F6CBC0F46A /* RemiBlobScreen.swift */,
				CA25C848297941D4D7216D5C /* RemiBlobShape.swift */,
				7DDC49A3038495C926AF8AAF /* RemiBlobView.swift */,
				31DF42E55C099D3F6EDF0662 /* RemiEmotionTag.swift */,
				F94E57E8D689E3771EB7ED67 /* RemiWatchApp.swift */,
				F2453BF7FF7571C14F4A8D84 /* RemiWaveformView.swift */,
				572EB6D8C6D79A27F57FB663 /* WatchAuth.swift */,
				D938E22599A234A5B68BD11B /* WatchChatStore.swift */,
				006D1D92815FEAF926D4E5CC /* WatchConfig.swift */,
				E112D8E8A1248EB05EE0A29C /* WatchModels.swift */,
				578F12B08E1A2AC699907714 /* WatchSpeechInput.swift */,
				17C47DDBE8D123F0F2E06444 /* WatchVoicePlayer.swift */,
				BE148C7F89E3FE441A655863 /* Assets.xcassets */,
				E2950E27D35DE84AA6995E3A /* Info.plist */,
			);
			name = RemiWatch;
			path = RemiWatch;
			sourceTree = "<group>";
		};
		64A84E47C59BD5DF0B48F64D /* Products */ = {
			isa = PBXGroup;
			children = (
				869A4524905B18FA195438F0 /* RemiWatch.app */,
				EA4E3B2F97567DEBE70054B2 /* RemiComplication.appex */,
			);
			name = Products;
			sourceTree = "<group>";
		};
		9525F13CD49EEDD53588AE8E = {
			isa = PBXGroup;
			children = (
				64A84E47C59BD5DF0B48F64D /* Products */,
				CA1C3DCCCDFA960CE10FDD1C /* Frameworks */,
				5A27D5808454EC1443904025 /* RemiWatch */,
				355A7DDCCDE2F9EC0CCF3277 /* RemiComplication */,
			);
			sourceTree = "<group>";
		};
		CA1C3DCCCDFA960CE10FDD1C /* Frameworks */ = {
			isa = PBXGroup;
			children = (
				E5678DCBB5C8767333FEE7EB /* watchOS */,
			);
			name = Frameworks;
			sourceTree = "<group>";
		};
		E5678DCBB5C8767333FEE7EB /* watchOS */ = {
			isa = PBXGroup;
			children = (
				48DF540D349CE1856B9C3A4B /* Foundation.framework */,
			);
			name = watchOS;
			sourceTree = "<group>";
		};
/* End PBXGroup section */

/* Begin PBXNativeTarget section */
		93BCB7B7D570E2EEADA4FAC6 /* RemiWatch */ = {
			isa = PBXNativeTarget;
			buildConfigurationList = 20CDB52FA5BD84B1C0D540E0 /* Build configuration list for PBXNativeTarget "RemiWatch" */;
			buildPhases = (
				5E4FA8A1E9464A9092602308 /* Sources */,
				9E2B136BEB7D731E1061A601 /* Frameworks */,
				2BEE825AEEEDE8FFCFB4DFEB /* Resources */,
				3788B06162A82CE794888A51 /* Embed Foundation Extensions */,
			);
			buildRules = (
			);
			dependencies = (
				8C791A7B8D458D765138831E /* PBXTargetDependency */,
			);
			name = RemiWatch;
			productName = RemiWatch;
			productReference = 869A4524905B18FA195438F0 /* RemiWatch.app */;
			productType = "com.apple.product-type.application";
		};
		B392535A768EDBC8D0DB839D /* RemiComplication */ = {
			isa = PBXNativeTarget;
			buildConfigurationList = 15F8E8ED2C65F96C81A8E1BE /* Build configuration list for PBXNativeTarget "RemiComplication" */;
			buildPhases = (
				B180930A74D0814BAD418C99 /* Sources */,
				4359384F275A8A8FC5EDB0FA /* Frameworks */,
				218C4C46D33865F8F7650C7F /* Resources */,
			);
			buildRules = (
			);
			dependencies = (
			);
			name = RemiComplication;
			productName = RemiComplication;
			productReference = EA4E3B2F97567DEBE70054B2 /* RemiComplication.appex */;
			productType = "com.apple.product-type.app-extension";
		};
/* End PBXNativeTarget section */

/* Begin PBXProject section */
		BD3E64AD889A0E6FA7527D81 /* Project object */ = {
			isa = PBXProject;
			attributes = {
				LastSwiftUpdateCheck = 1600;
				LastUpgradeCheck = 1600;
			};
			buildConfigurationList = A0224380E45AE027F4A4BC76 /* Build configuration list for PBXProject "RemiWatch" */;
			compatibilityVersion = "Xcode 3.2";
			developmentRegion = en;
			hasScannedForEncodings = 0;
			knownRegions = (
				en,
				Base,
			);
			mainGroup = 9525F13CD49EEDD53588AE8E;
			minimizedProjectReferenceProxies = 0;
			preferredProjectObjectVersion = 77;
			productRefGroup = 64A84E47C59BD5DF0B48F64D /* Products */;
			projectDirPath = "";
			projectRoot = "";
			targets = (
				93BCB7B7D570E2EEADA4FAC6 /* RemiWatch */,
				B392535A768EDBC8D0DB839D /* RemiComplication */,
			);
		};
/* End PBXProject section */

/* Begin PBXResourcesBuildPhase section */
		218C4C46D33865F8F7650C7F /* Resources */ = {
			isa = PBXResourcesBuildPhase;
			buildActionMask = 2147483647;
			files = (
			);
			runOnlyForDeploymentPostprocessing = 0;
		};
		2BEE825AEEEDE8FFCFB4DFEB /* Resources */ = {
			isa = PBXResourcesBuildPhase;
			buildActionMask = 2147483647;
			files = (
				6491BDEA1EEE6D48A4FEFD8E /* Assets.xcassets in Resources */,
			);
			runOnlyForDeploymentPostprocessing = 0;
		};
/* End PBXResourcesBuildPhase section */

/* Begin PBXSourcesBuildPhase section */
		5E4FA8A1E9464A9092602308 /* Sources */ = {
			isa = PBXSourcesBuildPhase;
			buildActionMask = 2147483647;
			files = (
				2BF8A914F32F36776E54A0C5 /* ContentView.swift in Sources */,
				AEC6ADCA30A62FA8DDA4CA70 /* RemiBlobPalette.swift in Sources */,
				53471BB7A3B531C4F71564E4 /* RemiBlobScreen.swift in Sources */,
				1323A66D571344438349A812 /* RemiBlobShape.swift in Sources */,
				4C39E7C28D0AD6D703B0D2D9 /* RemiBlobView.swift in Sources */,
				3B7276FA4E44440B7ADD80FD /* RemiEmotionTag.swift in Sources */,
				BECEA6CD195CDAD9626EDB75 /* RemiWatchApp.swift in Sources */,
				EA5E9AF6C759903FDE932DF3 /* RemiWaveformView.swift in Sources */,
				ECAF955BBCA4F9DF373ADA2B /* WatchAuth.swift in Sources */,
				79E4A7C086E2A72EB5E3954B /* WatchChatStore.swift in Sources */,
				A07735D1436AD91C57DBD1C8 /* WatchConfig.swift in Sources */,
				DFF1FA9440944553D0FEECC0 /* WatchModels.swift in Sources */,
				B0798F67F60B4BA09B606D5B /* WatchSpeechInput.swift in Sources */,
				DCD96CE4541294E91BEFA778 /* WatchVoicePlayer.swift in Sources */,
			);
			runOnlyForDeploymentPostprocessing = 0;
		};
		B180930A74D0814BAD418C99 /* Sources */ = {
			isa = PBXSourcesBuildPhase;
			buildActionMask = 2147483647;
			files = (
				7D69C77668A3F67F889C1BFC /* RemiComplication.swift in Sources */,
			);
			runOnlyForDeploymentPostprocessing = 0;
		};
/* End PBXSourcesBuildPhase section */

/* Begin PBXTargetDependency section */
		8C791A7B8D458D765138831E /* PBXTargetDependency */ = {
			isa = PBXTargetDependency;
			name = RemiComplication;
			target = B392535A768EDBC8D0DB839D /* RemiComplication */;
			targetProxy = 04264BC71AF733DC351B8EBA /* PBXContainerItemProxy */;
		};
/* End PBXTargetDependency section */

/* Begin XCBuildConfiguration section */
		3C6C20B8A3F4AD01991F7CCA /* Release */ = {
			isa = XCBuildConfiguration;
			buildSettings = {
				ALWAYS_SEARCH_USER_PATHS = NO;
				CLANG_ANALYZER_NONNULL = YES;
				CLANG_ANALYZER_NUMBER_OBJECT_CONVERSION = YES_AGGRESSIVE;
				CLANG_CXX_LANGUAGE_STANDARD = "gnu++14";
				CLANG_CXX_LIBRARY = "libc++";
				CLANG_ENABLE_MODULES = YES;
				CLANG_ENABLE_OBJC_ARC = YES;
				CLANG_ENABLE_OBJC_WEAK = YES;
				CLANG_WARN_BLOCK_CAPTURE_AUTORELEASING = YES;
				CLANG_WARN_BOOL_CONVERSION = YES;
				CLANG_WARN_COMMA = YES;
				CLANG_WARN_CONSTANT_CONVERSION = YES;
				CLANG_WARN_DEPRECATED_OBJC_IMPLEMENTATIONS = YES;
				CLANG_WARN_DIRECT_OBJC_ISA_USAGE = YES_ERROR;
				CLANG_WARN_DOCUMENTATION_COMMENTS = YES;
				CLANG_WARN_EMPTY_BODY = YES;
				CLANG_WARN_ENUM_CONVERSION = YES;
				CLANG_WARN_INFINITE_RECURSION = YES;
				CLANG_WARN_INT_CONVERSION = YES;
				CLANG_WARN_NON_LITERAL_NULL_CONVERSION = YES;
				CLANG_WARN_OBJC_IMPLICIT_RETAIN_SELF = YES;
				CLANG_WARN_OBJC_LITERAL_CONVERSION = YES;
				CLANG_WARN_OBJC_ROOT_CLASS = YES_ERROR;
				CLANG_WARN_QUOTED_INCLUDE_IN_FRAMEWORK_HEADER = YES;
				CLANG_WARN_RANGE_LOOP_ANALYSIS = YES;
				CLANG_WARN_STRICT_PROTOTYPES = YES;
				CLANG_WARN_SUSPICIOUS_MOVE = YES;
				CLANG_WARN_UNGUARDED_AVAILABILITY = YES_AGGRESSIVE;
				CLANG_WARN_UNREACHABLE_CODE = YES;
				CLANG_WARN__DUPLICATE_METHOD_MATCH = YES;
				COPY_PHASE_STRIP = NO;
				DEBUG_INFORMATION_FORMAT = "dwarf-with-dsym";
				ENABLE_NS_ASSERTIONS = NO;
				ENABLE_STRICT_OBJC_MSGSEND = YES;
				GCC_C_LANGUAGE_STANDARD = gnu11;
				GCC_NO_COMMON_BLOCKS = YES;
				GCC_WARN_64_TO_32_BIT_CONVERSION = YES;
				GCC_WARN_ABOUT_RETURN_TYPE = YES_ERROR;
				GCC_WARN_UNDECLARED_SELECTOR = YES;
				GCC_WARN_UNINITIALIZED_AUTOS = YES_AGGRESSIVE;
				GCC_WARN_UNUSED_FUNCTION = YES;
				GCC_WARN_UNUSED_VARIABLE = YES;
				MTL_ENABLE_DEBUG_INFO = NO;
				MTL_FAST_MATH = YES;
				PRODUCT_NAME = "$(TARGET_NAME)";
				SDKROOT = watchos;
				SWIFT_COMPILATION_MODE = wholemodule;
				SWIFT_OPTIMIZATION_LEVEL = "-O";
				SWIFT_VERSION = 5.0;
				WATCHOS_DEPLOYMENT_TARGET = 10.0;
			};
			name = Release;
		};
		4F8AC5A1FC58FA3B039AF679 /* Debug */ = {
			isa = XCBuildConfiguration;
			buildSettings = {
				CODE_SIGNING_ALLOWED = NO;
				CODE_SIGNING_REQUIRED = NO;
				CODE_SIGN_STYLE = Automatic;
				CURRENT_PROJECT_VERSION = 1;
				GENERATE_INFOPLIST_FILE = NO;
				INFOPLIST_FILE = RemiComplication/Info.plist;
				MARKETING_VERSION = 1.0;
				PRODUCT_BUNDLE_IDENTIFIER = run.remi.watch.complication;
				PRODUCT_NAME = "$(TARGET_NAME)";
				SDKROOT = watchos;
				SKIP_INSTALL = YES;
				SWIFT_ACTIVE_COMPILATION_CONDITIONS = DEBUG;
				SWIFT_EMIT_LOC_STRINGS = YES;
				SWIFT_OPTIMIZATION_LEVEL = "-Onone";
				SWIFT_VERSION = 5.0;
				TARGETED_DEVICE_FAMILY = 4;
				WATCHOS_DEPLOYMENT_TARGET = 10.0;
			};
			name = Debug;
		};
		5C10A0A8E31918B1CED57CB9 /* Debug */ = {
			isa = XCBuildConfiguration;
			buildSettings = {
				ALWAYS_SEARCH_USER_PATHS = NO;
				CLANG_ANALYZER_NONNULL = YES;
				CLANG_ANALYZER_NUMBER_OBJECT_CONVERSION = YES_AGGRESSIVE;
				CLANG_CXX_LANGUAGE_STANDARD = "gnu++14";
				CLANG_CXX_LIBRARY = "libc++";
				CLANG_ENABLE_MODULES = YES;
				CLANG_ENABLE_OBJC_ARC = YES;
				CLANG_ENABLE_OBJC_WEAK = YES;
				CLANG_WARN_BLOCK_CAPTURE_AUTORELEASING = YES;
				CLANG_WARN_BOOL_CONVERSION = YES;
				CLANG_WARN_COMMA = YES;
				CLANG_WARN_CONSTANT_CONVERSION = YES;
				CLANG_WARN_DEPRECATED_OBJC_IMPLEMENTATIONS = YES;
				CLANG_WARN_DIRECT_OBJC_ISA_USAGE = YES_ERROR;
				CLANG_WARN_DOCUMENTATION_COMMENTS = YES;
				CLANG_WARN_EMPTY_BODY = YES;
				CLANG_WARN_ENUM_CONVERSION = YES;
				CLANG_WARN_INFINITE_RECURSION = YES;
				CLANG_WARN_INT_CONVERSION = YES;
				CLANG_WARN_NON_LITERAL_NULL_CONVERSION = YES;
				CLANG_WARN_OBJC_IMPLICIT_RETAIN_SELF = YES;
				CLANG_WARN_OBJC_LITERAL_CONVERSION = YES;
				CLANG_WARN_OBJC_ROOT_CLASS = YES_ERROR;
				CLANG_WARN_QUOTED_INCLUDE_IN_FRAMEWORK_HEADER = YES;
				CLANG_WARN_RANGE_LOOP_ANALYSIS = YES;
				CLANG_WARN_STRICT_PROTOTYPES = YES;
				CLANG_WARN_SUSPICIOUS_MOVE = YES;
				CLANG_WARN_UNGUARDED_AVAILABILITY = YES_AGGRESSIVE;
				CLANG_WARN_UNREACHABLE_CODE = YES;
				CLANG_WARN__DUPLICATE_METHOD_MATCH = YES;
				COPY_PHASE_STRIP = NO;
				DEBUG_INFORMATION_FORMAT = dwarf;
				ENABLE_STRICT_OBJC_MSGSEND = YES;
				ENABLE_TESTABILITY = YES;
				GCC_C_LANGUAGE_STANDARD = gnu11;
				GCC_DYNAMIC_NO_PIC = NO;
				GCC_NO_COMMON_BLOCKS = YES;
				GCC_OPTIMIZATION_LEVEL = 0;
				GCC_PREPROCESSOR_DEFINITIONS = (
					"DEBUG=1",
					"$(inherited)",
				);
				GCC_WARN_64_TO_32_BIT_CONVERSION = YES;
				GCC_WARN_ABOUT_RETURN_TYPE = YES_ERROR;
				GCC_WARN_UNDECLARED_SELECTOR = YES;
				GCC_WARN_UNINITIALIZED_AUTOS = YES_AGGRESSIVE;
				GCC_WARN_UNUSED_FUNCTION = YES;
				GCC_WARN_UNUSED_VARIABLE = YES;
				MTL_ENABLE_DEBUG_INFO = INCLUDE_SOURCE;
				MTL_FAST_MATH = YES;
				ONLY_ACTIVE_ARCH = YES;
				PRODUCT_NAME = "$(TARGET_NAME)";
				SDKROOT = watchos;
				SWIFT_ACTIVE_COMPILATION_CONDITIONS = DEBUG;
				SWIFT_OPTIMIZATION_LEVEL = "-Onone";
				SWIFT_VERSION = 5.0;
				WATCHOS_DEPLOYMENT_TARGET = 10.0;
			};
			name = Debug;
		};
		5DEBE0A80160E7ABF39BC5DC /* Debug */ = {
			isa = XCBuildConfiguration;
			buildSettings = {
				ASSETCATALOG_COMPILER_APPICON_NAME = AppIcon;
				ASSETCATALOG_COMPILER_GLOBAL_ACCENT_COLOR_NAME = AccentColor;
				CODE_SIGNING_ALLOWED = NO;
				CODE_SIGNING_REQUIRED = NO;
				CODE_SIGN_STYLE = Automatic;
				CURRENT_PROJECT_VERSION = 1;
				ENABLE_PREVIEWS = YES;
				GENERATE_INFOPLIST_FILE = NO;
				INFOPLIST_FILE = RemiWatch/Info.plist;
				MARKETING_VERSION = 1.0;
				PRODUCT_BUNDLE_IDENTIFIER = run.remi.watch;
				PRODUCT_NAME = "$(TARGET_NAME)";
				SDKROOT = watchos;
				SKIP_INSTALL = YES;
				SWIFT_ACTIVE_COMPILATION_CONDITIONS = DEBUG;
				SWIFT_EMIT_LOC_STRINGS = YES;
				SWIFT_OPTIMIZATION_LEVEL = "-Onone";
				SWIFT_VERSION = 5.0;
				TARGETED_DEVICE_FAMILY = 4;
				WATCHOS_DEPLOYMENT_TARGET = 10.0;
			};
			name = Debug;
		};
		9CA58DF8F60C568AA809470D /* Release */ = {
			isa = XCBuildConfiguration;
			buildSettings = {
				CODE_SIGNING_ALLOWED = NO;
				CODE_SIGNING_REQUIRED = NO;
				CODE_SIGN_STYLE = Automatic;
				CURRENT_PROJECT_VERSION = 1;
				GENERATE_INFOPLIST_FILE = NO;
				INFOPLIST_FILE = RemiComplication/Info.plist;
				MARKETING_VERSION = 1.0;
				PRODUCT_BUNDLE_IDENTIFIER = run.remi.watch.complication;
				PRODUCT_NAME = "$(TARGET_NAME)";
				SDKROOT = watchos;
				SKIP_INSTALL = YES;
				SWIFT_EMIT_LOC_STRINGS = YES;
				SWIFT_VERSION = 5.0;
				TARGETED_DEVICE_FAMILY = 4;
				VALIDATE_PRODUCT = YES;
				WATCHOS_DEPLOYMENT_TARGET = 10.0;
			};
			name = Release;
		};
		D7AADD93FB1B3DD2E1C48760 /* Release */ = {
			isa = XCBuildConfiguration;
			buildSettings = {
				ASSETCATALOG_COMPILER_APPICON_NAME = AppIcon;
				ASSETCATALOG_COMPILER_GLOBAL_ACCENT_COLOR_NAME = AccentColor;
				CODE_SIGNING_ALLOWED = NO;
				CODE_SIGNING_REQUIRED = NO;
				CODE_SIGN_STYLE = Automatic;
				CURRENT_PROJECT_VERSION = 1;
				ENABLE_PREVIEWS = YES;
				GENERATE_INFOPLIST_FILE = NO;
				INFOPLIST_FILE = RemiWatch/Info.plist;
				MARKETING_VERSION = 1.0;
				PRODUCT_BUNDLE_IDENTIFIER = run.remi.watch;
				PRODUCT_NAME = "$(TARGET_NAME)";
				SDKROOT = watchos;
				SKIP_INSTALL = YES;
				SWIFT_EMIT_LOC_STRINGS = YES;
				SWIFT_VERSION = 5.0;
				TARGETED_DEVICE_FAMILY = 4;
				VALIDATE_PRODUCT = YES;
				WATCHOS_DEPLOYMENT_TARGET = 10.0;
			};
			name = Release;
		};
/* End XCBuildConfiguration section */

/* Begin XCConfigurationList section */
		15F8E8ED2C65F96C81A8E1BE /* Build configuration list for PBXNativeTarget "RemiComplication" */ = {
			isa = XCConfigurationList;
			buildConfigurations = (
				9CA58DF8F60C568AA809470D /* Release */,
				4F8AC5A1FC58FA3B039AF679 /* Debug */,
			);
			defaultConfigurationIsVisible = 0;
			defaultConfigurationName = Release;
		};
		20CDB52FA5BD84B1C0D540E0 /* Build configuration list for PBXNativeTarget "RemiWatch" */ = {
			isa = XCConfigurationList;
			buildConfigurations = (
				D7AADD93FB1B3DD2E1C48760 /* Release */,
				5DEBE0A80160E7ABF39BC5DC /* Debug */,
			);
			defaultConfigurationIsVisible = 0;
			defaultConfigurationName = Release;
		};
		A0224380E45AE027F4A4BC76 /* Build configuration list for PBXProject "RemiWatch" */ = {
			isa = XCConfigurationList;
			buildConfigurations = (
				5C10A0A8E31918B1CED57CB9 /* Debug */,
				3C6C20B8A3F4AD01991F7CCA /* Release */,
			);
			defaultConfigurationIsVisible = 0;
			defaultConfigurationName = Release;
		};
/* End XCConfigurationList section */
	};
	rootObject = BD3E64AD889A0E6FA7527D81 /* Project object */;
}
