// !$*UTF8*$!
{
	archiveVersion = 1;
	classes = {
	};
	objectVersion = 46;
	objects = {

/* Begin PBXBuildFile section */
		1FF6575B31E07524301D3E7F /* ContentView.swift in Sources */ = {isa = PBXBuildFile; fileRef = A8F38E4C5998879C5FDAD0E4 /* ContentView.swift */; };
		32C1E26FCED647EC18A72384 /* WatchModels.swift in Sources */ = {isa = PBXBuildFile; fileRef = E5E6AD950C8767F4A35927ED /* WatchModels.swift */; };
		4C6FEFF88336F49D01CA1988 /* RemiWatchApp.swift in Sources */ = {isa = PBXBuildFile; fileRef = A09F00B916C889CAADA646CD /* RemiWatchApp.swift */; };
		609EEE80E8D8195838A2455A /* WatchChatStore.swift in Sources */ = {isa = PBXBuildFile; fileRef = 773482CD1699E659C0CDAE04 /* WatchChatStore.swift */; };
		7567CF4F46183965E20C7B83 /* RemiEmotionTag.swift in Sources */ = {isa = PBXBuildFile; fileRef = 372028576684A97493A5DA1B /* RemiEmotionTag.swift */; };
		7F7E5735750EA7A541F82F91 /* WatchConfig.swift in Sources */ = {isa = PBXBuildFile; fileRef = 14EDF887B85D5368383D661A /* WatchConfig.swift */; };
		94F6B016BB12936D66DEC38A /* Assets.xcassets in Resources */ = {isa = PBXBuildFile; fileRef = D48F359117BDA7FEB70F0703 /* Assets.xcassets */; };
		AEE0EE02CE3A9135C3306124 /* Foundation.framework in Frameworks */ = {isa = PBXBuildFile; fileRef = 8C93728CF493F049A1A5DFFC /* Foundation.framework */; };
/* End PBXBuildFile section */

/* Begin PBXFileReference section */
		14EDF887B85D5368383D661A /* WatchConfig.swift */ = {isa = PBXFileReference; includeInIndex = 1; lastKnownFileType = sourcecode.swift; path = WatchConfig.swift; sourceTree = "<group>"; };
		2765E340FB9F353CD6EEE370 /* Info.plist */ = {isa = PBXFileReference; includeInIndex = 1; lastKnownFileType = text.plist.xml; path = Info.plist; sourceTree = "<group>"; };
		372028576684A97493A5DA1B /* RemiEmotionTag.swift */ = {isa = PBXFileReference; includeInIndex = 1; lastKnownFileType = sourcecode.swift; path = RemiEmotionTag.swift; sourceTree = "<group>"; };
		773482CD1699E659C0CDAE04 /* WatchChatStore.swift */ = {isa = PBXFileReference; includeInIndex = 1; lastKnownFileType = sourcecode.swift; path = WatchChatStore.swift; sourceTree = "<group>"; };
		8C93728CF493F049A1A5DFFC /* Foundation.framework */ = {isa = PBXFileReference; lastKnownFileType = wrapper.framework; name = Foundation.framework; path = Platforms/WatchOS.platform/Developer/SDKs/WatchOS11.0.sdk/System/Library/Frameworks/Foundation.framework; sourceTree = DEVELOPER_DIR; };
		A09F00B916C889CAADA646CD /* RemiWatchApp.swift */ = {isa = PBXFileReference; includeInIndex = 1; lastKnownFileType = sourcecode.swift; path = RemiWatchApp.swift; sourceTree = "<group>"; };
		A8F38E4C5998879C5FDAD0E4 /* ContentView.swift */ = {isa = PBXFileReference; includeInIndex = 1; lastKnownFileType = sourcecode.swift; path = ContentView.swift; sourceTree = "<group>"; };
		D48F359117BDA7FEB70F0703 /* Assets.xcassets */ = {isa = PBXFileReference; includeInIndex = 1; lastKnownFileType = folder.assetcatalog; path = Assets.xcassets; sourceTree = "<group>"; };
		E5E6AD950C8767F4A35927ED /* WatchModels.swift */ = {isa = PBXFileReference; includeInIndex = 1; lastKnownFileType = sourcecode.swift; path = WatchModels.swift; sourceTree = "<group>"; };
		F81117A09DFB631C042E746F /* RemiWatch.app */ = {isa = PBXFileReference; explicitFileType = wrapper.application; includeInIndex = 0; path = RemiWatch.app; sourceTree = BUILT_PRODUCTS_DIR; };
/* End PBXFileReference section */

/* Begin PBXFrameworksBuildPhase section */
		67437B1DCA67D4A266B57055 /* Frameworks */ = {
			isa = PBXFrameworksBuildPhase;
			buildActionMask = 2147483647;
			files = (
				AEE0EE02CE3A9135C3306124 /* Foundation.framework in Frameworks */,
			);
			runOnlyForDeploymentPostprocessing = 0;
		};
/* End PBXFrameworksBuildPhase section */

/* Begin PBXGroup section */
		01901EDDEF07D4EA692E1662 /* watchOS */ = {
			isa = PBXGroup;
			children = (
				8C93728CF493F049A1A5DFFC /* Foundation.framework */,
			);
			name = watchOS;
			sourceTree = "<group>";
		};
		0A95ED8849CE50087D871C98 /* Frameworks */ = {
			isa = PBXGroup;
			children = (
				01901EDDEF07D4EA692E1662 /* watchOS */,
			);
			name = Frameworks;
			sourceTree = "<group>";
		};
		300A81EDDDED54B1AC086B30 /* RemiWatch */ = {
			isa = PBXGroup;
			children = (
				A8F38E4C5998879C5FDAD0E4 /* ContentView.swift */,
				372028576684A97493A5DA1B /* RemiEmotionTag.swift */,
				A09F00B916C889CAADA646CD /* RemiWatchApp.swift */,
				773482CD1699E659C0CDAE04 /* WatchChatStore.swift */,
				14EDF887B85D5368383D661A /* WatchConfig.swift */,
				E5E6AD950C8767F4A35927ED /* WatchModels.swift */,
				D48F359117BDA7FEB70F0703 /* Assets.xcassets */,
				2765E340FB9F353CD6EEE370 /* Info.plist */,
			);
			name = RemiWatch;
			path = RemiWatch;
			sourceTree = "<group>";
		};
		8868E7CE924227EA4F063610 = {
			isa = PBXGroup;
			children = (
				E2A30A53A3E03BE1CCF9385E /* Products */,
				0A95ED8849CE50087D871C98 /* Frameworks */,
				300A81EDDDED54B1AC086B30 /* RemiWatch */,
			);
			sourceTree = "<group>";
		};
		E2A30A53A3E03BE1CCF9385E /* Products */ = {
			isa = PBXGroup;
			children = (
				F81117A09DFB631C042E746F /* RemiWatch.app */,
			);
			name = Products;
			sourceTree = "<group>";
		};
/* End PBXGroup section */

/* Begin PBXNativeTarget section */
		F743FF4E10AC33E1DE37F01B /* RemiWatch */ = {
			isa = PBXNativeTarget;
			buildConfigurationList = 5BB993A79FB9A03337276E2A /* Build configuration list for PBXNativeTarget "RemiWatch" */;
			buildPhases = (
				59865877F52038264C2E6E2E /* Sources */,
				67437B1DCA67D4A266B57055 /* Frameworks */,
				35C1D5341EB44D8EE914F73D /* Resources */,
			);
			buildRules = (
			);
			dependencies = (
			);
			name = RemiWatch;
			productName = RemiWatch;
			productReference = F81117A09DFB631C042E746F /* RemiWatch.app */;
			productType = "com.apple.product-type.application";
		};
/* End PBXNativeTarget section */

/* Begin PBXProject section */
		3D287D41C42AD6B4943E6F89 /* Project object */ = {
			isa = PBXProject;
			attributes = {
				LastSwiftUpdateCheck = 1600;
				LastUpgradeCheck = 1600;
			};
			buildConfigurationList = 0FAB7525A1EC1222F1A0D11D /* Build configuration list for PBXProject "RemiWatch" */;
			compatibilityVersion = "Xcode 3.2";
			developmentRegion = en;
			hasScannedForEncodings = 0;
			knownRegions = (
				en,
				Base,
			);
			mainGroup = 8868E7CE924227EA4F063610;
			minimizedProjectReferenceProxies = 0;
			preferredProjectObjectVersion = 77;
			productRefGroup = E2A30A53A3E03BE1CCF9385E /* Products */;
			projectDirPath = "";
			projectRoot = "";
			targets = (
				F743FF4E10AC33E1DE37F01B /* RemiWatch */,
			);
		};
/* End PBXProject section */

/* Begin PBXResourcesBuildPhase section */
		35C1D5341EB44D8EE914F73D /* Resources */ = {
			isa = PBXResourcesBuildPhase;
			buildActionMask = 2147483647;
			files = (
				94F6B016BB12936D66DEC38A /* Assets.xcassets in Resources */,
			);
			runOnlyForDeploymentPostprocessing = 0;
		};
/* End PBXResourcesBuildPhase section */

/* Begin PBXSourcesBuildPhase section */
		59865877F52038264C2E6E2E /* Sources */ = {
			isa = PBXSourcesBuildPhase;
			buildActionMask = 2147483647;
			files = (
				1FF6575B31E07524301D3E7F /* ContentView.swift in Sources */,
				7567CF4F46183965E20C7B83 /* RemiEmotionTag.swift in Sources */,
				4C6FEFF88336F49D01CA1988 /* RemiWatchApp.swift in Sources */,
				609EEE80E8D8195838A2455A /* WatchChatStore.swift in Sources */,
				7F7E5735750EA7A541F82F91 /* WatchConfig.swift in Sources */,
				32C1E26FCED647EC18A72384 /* WatchModels.swift in Sources */,
			);
			runOnlyForDeploymentPostprocessing = 0;
		};
/* End PBXSourcesBuildPhase section */

/* Begin XCBuildConfiguration section */
		43B1DA861EA7C46088A88237 /* Debug */ = {
			isa = XCBuildConfiguration;
			buildSettings = {
				ALWAYS_SEARCH_USER_PATHS = NO;
				CLANG_ANALYZER_NONNULL = YES;
				CLANG_ANALYZER_NUMBER_OBJECT_CONVERSION = YES_AGGRESSIVE;
				CLANG_CXX_LANGUAGE_STANDARD = "gnu++14";
				CLANG_CXX_LIBRARY = "libc++";
				CLANG_ENABLE_MODULES = YES;
				CLANG_ENABLE_OBJC_ARC = YES;
				CLANG_ENABLE_OBJC_WEAK = YES;
				CLANG_WARN_BLOCK_CAPTURE_AUTORELEASING = YES;
				CLANG_WARN_BOOL_CONVERSION = YES;
				CLANG_WARN_COMMA = YES;
				CLANG_WARN_CONSTANT_CONVERSION = YES;
				CLANG_WARN_DEPRECATED_OBJC_IMPLEMENTATIONS = YES;
				CLANG_WARN_DIRECT_OBJC_ISA_USAGE = YES_ERROR;
				CLANG_WARN_DOCUMENTATION_COMMENTS = YES;
				CLANG_WARN_EMPTY_BODY = YES;
				CLANG_WARN_ENUM_CONVERSION = YES;
				CLANG_WARN_INFINITE_RECURSION = YES;
				CLANG_WARN_INT_CONVERSION = YES;
				CLANG_WARN_NON_LITERAL_NULL_CONVERSION = YES;
				CLANG_WARN_OBJC_IMPLICIT_RETAIN_SELF = YES;
				CLANG_WARN_OBJC_LITERAL_CONVERSION = YES;
				CLANG_WARN_OBJC_ROOT_CLASS = YES_ERROR;
				CLANG_WARN_QUOTED_INCLUDE_IN_FRAMEWORK_HEADER = YES;
				CLANG_WARN_RANGE_LOOP_ANALYSIS = YES;
				CLANG_WARN_STRICT_PROTOTYPES = YES;
				CLANG_WARN_SUSPICIOUS_MOVE = YES;
				CLANG_WARN_UNGUARDED_AVAILABILITY = YES_AGGRESSIVE;
				CLANG_WARN_UNREACHABLE_CODE = YES;
				CLANG_WARN__DUPLICATE_METHOD_MATCH = YES;
				COPY_PHASE_STRIP = NO;
				DEBUG_INFORMATION_FORMAT = dwarf;
				ENABLE_STRICT_OBJC_MSGSEND = YES;
				ENABLE_TESTABILITY = YES;
				GCC_C_LANGUAGE_STANDARD = gnu11;
				GCC_DYNAMIC_NO_PIC = NO;
				GCC_NO_COMMON_BLOCKS = YES;
				GCC_OPTIMIZATION_LEVEL = 0;
				GCC_PREPROCESSOR_DEFINITIONS = (
					"DEBUG=1",
					"$(inherited)",
				);
				GCC_WARN_64_TO_32_BIT_CONVERSION = YES;
				GCC_WARN_ABOUT_RETURN_TYPE = YES_ERROR;
				GCC_WARN_UNDECLARED_SELECTOR = YES;
				GCC_WARN_UNINITIALIZED_AUTOS = YES_AGGRESSIVE;
				GCC_WARN_UNUSED_FUNCTION = YES;
				GCC_WARN_UNUSED_VARIABLE = YES;
				MTL_ENABLE_DEBUG_INFO = INCLUDE_SOURCE;
				MTL_FAST_MATH = YES;
				ONLY_ACTIVE_ARCH = YES;
				PRODUCT_NAME = "$(TARGET_NAME)";
				SDKROOT = watchos;
				SWIFT_ACTIVE_COMPILATION_CONDITIONS = DEBUG;
				SWIFT_OPTIMIZATION_LEVEL = "-Onone";
				SWIFT_VERSION = 5.0;
				WATCHOS_DEPLOYMENT_TARGET = 10.0;
			};
			name = Debug;
		};
		62AE60F1D6660DC95A7EF59C /* Release */ = {
			isa = XCBuildConfiguration;
			buildSettings = {
				ASSETCATALOG_COMPILER_APPICON_NAME = AppIcon;
				ASSETCATALOG_COMPILER_GLOBAL_ACCENT_COLOR_NAME = AccentColor;
				CODE_SIGNING_ALLOWED = NO;
				CODE_SIGNING_REQUIRED = NO;
				CODE_SIGN_STYLE = Automatic;
				CURRENT_PROJECT_VERSION = 1;
				ENABLE_PREVIEWS = YES;
				GENERATE_INFOPLIST_FILE = NO;
				INFOPLIST_FILE = RemiWatch/Info.plist;
				MARKETING_VERSION = 1.0;
				PRODUCT_BUNDLE_IDENTIFIER = run.remi.watch;
				PRODUCT_NAME = "$(TARGET_NAME)";
				SDKROOT = watchos;
				SKIP_INSTALL = YES;
				SWIFT_EMIT_LOC_STRINGS = YES;
				SWIFT_VERSION = 5.0;
				TARGETED_DEVICE_FAMILY = 4;
				VALIDATE_PRODUCT = YES;
				WATCHOS_DEPLOYMENT_TARGET = 10.0;
			};
			name = Release;
		};
		AC13AA8221BBC37A33F4AFCA /* Debug */ = {
			isa = XCBuildConfiguration;
			buildSettings = {
				ASSETCATALOG_COMPILER_APPICON_NAME = AppIcon;
				ASSETCATALOG_COMPILER_GLOBAL_ACCENT_COLOR_NAME = AccentColor;
				CODE_SIGNING_ALLOWED = NO;
				CODE_SIGNING_REQUIRED = NO;
				CODE_SIGN_STYLE = Automatic;
				CURRENT_PROJECT_VERSION = 1;
				ENABLE_PREVIEWS = YES;
				GENERATE_INFOPLIST_FILE = NO;
				INFOPLIST_FILE = RemiWatch/Info.plist;
				MARKETING_VERSION = 1.0;
				PRODUCT_BUNDLE_IDENTIFIER = run.remi.watch;
				PRODUCT_NAME = "$(TARGET_NAME)";
				SDKROOT = watchos;
				SKIP_INSTALL = YES;
				SWIFT_ACTIVE_COMPILATION_CONDITIONS = DEBUG;
				SWIFT_EMIT_LOC_STRINGS = YES;
				SWIFT_OPTIMIZATION_LEVEL = "-Onone";
				SWIFT_VERSION = 5.0;
				TARGETED_DEVICE_FAMILY = 4;
				WATCHOS_DEPLOYMENT_TARGET = 10.0;
			};
			name = Debug;
		};
		FE6D3815E45493E7F99DF5C6 /* Release */ = {
			isa = XCBuildConfiguration;
			buildSettings = {
				ALWAYS_SEARCH_USER_PATHS = NO;
				CLANG_ANALYZER_NONNULL = YES;
				CLANG_ANALYZER_NUMBER_OBJECT_CONVERSION = YES_AGGRESSIVE;
				CLANG_CXX_LANGUAGE_STANDARD = "gnu++14";
				CLANG_CXX_LIBRARY = "libc++";
				CLANG_ENABLE_MODULES = YES;
				CLANG_ENABLE_OBJC_ARC = YES;
				CLANG_ENABLE_OBJC_WEAK = YES;
				CLANG_WARN_BLOCK_CAPTURE_AUTORELEASING = YES;
				CLANG_WARN_BOOL_CONVERSION = YES;
				CLANG_WARN_COMMA = YES;
				CLANG_WARN_CONSTANT_CONVERSION = YES;
				CLANG_WARN_DEPRECATED_OBJC_IMPLEMENTATIONS = YES;
				CLANG_WARN_DIRECT_OBJC_ISA_USAGE = YES_ERROR;
				CLANG_WARN_DOCUMENTATION_COMMENTS = YES;
				CLANG_WARN_EMPTY_BODY = YES;
				CLANG_WARN_ENUM_CONVERSION = YES;
				CLANG_WARN_INFINITE_RECURSION = YES;
				CLANG_WARN_INT_CONVERSION = YES;
				CLANG_WARN_NON_LITERAL_NULL_CONVERSION = YES;
				CLANG_WARN_OBJC_IMPLICIT_RETAIN_SELF = YES;
				CLANG_WARN_OBJC_LITERAL_CONVERSION = YES;
				CLANG_WARN_OBJC_ROOT_CLASS = YES_ERROR;
				CLANG_WARN_QUOTED_INCLUDE_IN_FRAMEWORK_HEADER = YES;
				CLANG_WARN_RANGE_LOOP_ANALYSIS = YES;
				CLANG_WARN_STRICT_PROTOTYPES = YES;
				CLANG_WARN_SUSPICIOUS_MOVE = YES;
				CLANG_WARN_UNGUARDED_AVAILABILITY = YES_AGGRESSIVE;
				CLANG_WARN_UNREACHABLE_CODE = YES;
				CLANG_WARN__DUPLICATE_METHOD_MATCH = YES;
				COPY_PHASE_STRIP = NO;
				DEBUG_INFORMATION_FORMAT = "dwarf-with-dsym";
				ENABLE_NS_ASSERTIONS = NO;
				ENABLE_STRICT_OBJC_MSGSEND = YES;
				GCC_C_LANGUAGE_STANDARD = gnu11;
				GCC_NO_COMMON_BLOCKS = YES;
				GCC_WARN_64_TO_32_BIT_CONVERSION = YES;
				GCC_WARN_ABOUT_RETURN_TYPE = YES_ERROR;
				GCC_WARN_UNDECLARED_SELECTOR = YES;
				GCC_WARN_UNINITIALIZED_AUTOS = YES_AGGRESSIVE;
				GCC_WARN_UNUSED_FUNCTION = YES;
				GCC_WARN_UNUSED_VARIABLE = YES;
				MTL_ENABLE_DEBUG_INFO = NO;
				MTL_FAST_MATH = YES;
				PRODUCT_NAME = "$(TARGET_NAME)";
				SDKROOT = watchos;
				SWIFT_COMPILATION_MODE = wholemodule;
				SWIFT_OPTIMIZATION_LEVEL = "-O";
				SWIFT_VERSION = 5.0;
				WATCHOS_DEPLOYMENT_TARGET = 10.0;
			};
			name = Release;
		};
/* End XCBuildConfiguration section */

/* Begin XCConfigurationList section */
		0FAB7525A1EC1222F1A0D11D /* Build configuration list for PBXProject "RemiWatch" */ = {
			isa = XCConfigurationList;
			buildConfigurations = (
				43B1DA861EA7C46088A88237 /* Debug */,
				FE6D3815E45493E7F99DF5C6 /* Release */,
			);
			defaultConfigurationIsVisible = 0;
			defaultConfigurationName = Release;
		};
		5BB993A79FB9A03337276E2A /* Build configuration list for PBXNativeTarget "RemiWatch" */ = {
			isa = XCConfigurationList;
			buildConfigurations = (
				62AE60F1D6660DC95A7EF59C /* Release */,
				AC13AA8221BBC37A33F4AFCA /* Debug */,
			);
			defaultConfigurationIsVisible = 0;
			defaultConfigurationName = Release;
		};
/* End XCConfigurationList section */
	};
	rootObject = 3D287D41C42AD6B4943E6F89 /* Project object */;
}
